
Microsoft Visual Studio Solution File, Format Version 12.00
# Visual Studio 15
VisualStudioVersion = 15.0.27428.2043
MinimumVisualStudioVersion = 10.0.40219.1
Project("{FAE04EC0-301F-11D3-BF4B-00C04F79EFBC}") = "Bingo", "Bingo\Bingo.csproj", "{66CBF15C-1B06-4040-9FBC-71E6A6FFA9F5}"
EndProject
Project("{FAE04EC0-301F-11D3-BF4B-00C04F79EFBC}") = "WcfBingo", "WcfBingo\WcfBingo.csproj", "{F9F2AE8E-F78F-4746-A1AC-717891762394}"
EndProject
Global
	GlobalSection(SolutionConfigurationPlatforms) = preSolution
		Debug|Any CPU = Debug|Any CPU
		Release|Any CPU = Release|Any CPU
	EndGlobalSection
	GlobalSection(ProjectConfigurationPlatforms) = postSolution
		{66CBF15C-1B06-4040-9FBC-71E6A6FFA9F5}.Debug|Any CPU.ActiveCfg = Debug|Any CPU
		{66CBF15C-1B06-4040-9FBC-71E6A6FFA9F5}.Debug|Any CPU.Build.0 = Debug|Any CPU
		{66CBF15C-1B06-4040-9FBC-71E6A6FFA9F5}.Release|Any CPU.ActiveCfg = Release|Any CPU
		{66CBF15C-1B06-4040-9FBC-71E6A6FFA9F5}.Release|Any CPU.Build.0 = Release|Any CPU
		{F9F2AE8E-F78F-4746-A1AC-717891762394}.Debug|Any CPU.ActiveCfg = Debug|Any CPU
		{F9F2AE8E-F78F-4746-A1AC-717891762394}.Debug|Any CPU.Build.0 = Debug|Any CPU
		{F9F2AE8E-F78F-4746-A1AC-717891762394}.Release|Any CPU.ActiveCfg = Release|Any CPU
		{F9F2AE8E-F78F-4746-A1AC-717891762394}.Release|Any CPU.Build.0 = Release|Any CPU
	EndGlobalSection
	GlobalSection(SolutionProperties) = preSolution
		HideSolutionNode = FALSE
	EndGlobalSection
	GlobalSection(ExtensibilityGlobals) = postSolution
		SolutionGuid = {05E56EEA-86AC-4201-A028-291875831D6D}
	EndGlobalSection
EndGlobal
